// !$*UTF8*$!
{
	archiveVersion = 1;
	classes = {
	};
	objectVersion = 50;
	objects = {

/* Begin PBXBuildFile section */
		D1503E132433A33F00ECC8EB /* AppDelegate.swift in Sources */ = {isa = PBXBuildFile; fileRef = D1503E122433A33F00ECC8EB /* AppDelegate.swift */; };
		D1503E152433A33F00ECC8EB /* SceneDelegate.swift in Sources */ = {isa = PBXBuildFile; fileRef = D1503E142433A33F00ECC8EB /* SceneDelegate.swift */; };
		D1503E172433A33F00ECC8EB /* ViewController.swift in Sources */ = {isa = PBXBuildFile; fileRef = D1503E162433A33F00ECC8EB /* ViewController.swift */; };
		D1503E1A2433A33F00ECC8EB /* Main.storyboard in Resources */ = {isa = PBXBuildFile; fileRef = D1503E182433A33F00ECC8EB /* Main.storyboard */; };
		D1503E1C2433A34400ECC8EB /* Assets.xcassets in Resources */ = {isa = PBXBuildFile; fileRef = D1503E1B2433A34400ECC8EB /* Assets.xcassets */; };
		D1503E1F2433A34400ECC8EB /* LaunchScreen.storyboard in Resources */ = {isa = PBXBuildFile; fileRef = D1503E1D2433A34400ECC8EB /* LaunchScreen.storyboard */; };
/* End PBXBuildFile section */

/* Begin PBXFileReference section */
		D1503E0F2433A33F00ECC8EB /* GetAndPost.app */ = {isa = PBXFileReference; explicitFileType = wrapper.application; includeInIndex = 0; path = GetAndPost.app; sourceTree = BUILT_PRODUCTS_DIR; };
		D1503E122433A33F00ECC8EB /* AppDelegate.swift */ = {isa = PBXFileReference; lastKnownFileType = sourcecode.swift; path = AppDelegate.swift; sourceTree = "<group>"; };
		D1503E142433A33F00ECC8EB /* SceneDelegate.swift */ = {isa = PBXFileReference; lastKnownFileType = sourcecode.swift; path = SceneDelegate.swift; sourceTree = "<group>"; };
		D1503E162433A33F00ECC8EB /* ViewController.swift */ = {isa = PBXFileReference; lastKnownFileType = sourcecode.swift; path = ViewController.swift; sourceTree = "<group>"; };
		D1503E192433A33F00ECC8EB /* Base */ = {isa = PBXFileReference; lastKnownFileType = file.storyboard; name = Base; path = Base.lproj/Main.storyboard; sourceTree = "<group>"; };
		D1503E1B2433A34400ECC8EB /* Assets.xcassets */ = {isa = PBXFileReference; lastKnownFileType = folder.assetcatalog; path = Assets.xcassets; sourceTree = "<group>"; };
		D1503E1E2433A34400ECC8EB /* Base */ = {isa = PBXFileReference; lastKnownFileType = file.storyboard; name = Base; path = Base.lproj/LaunchScreen.storyboard; sourceTree = "<group>"; };
		D1503E202433A34400ECC8EB /* Info.plist */ = {isa = PBXFileReference; lastKnownFileType = text.plist.xml; path = Info.plist; sourceTree = "<group>"; };
/* End PBXFileReference section */

/* Begin PBXFrameworksBuildPhase section */
		D1503E0C2433A33F00ECC8EB /* Frameworks */ = {
			isa = PBXFrameworksBuildPhase;
			buildActionMask = 2147483647;
			files = (
			);
			runOnlyForDeploymentPostprocessing = 0;
		};
/* End PBXFrameworksBuildPhase section */

/* Begin PBXGroup section */
		D1503E062433A33F00ECC8EB = {
			isa = PBXGroup;
			children = (
				D1503E112433A33F00ECC8EB /* GetAndPost */,
				D1503E102433A33F00ECC8EB /* Products */,
			);
			sourceTree = "<group>";
		};
		D1503E102433A33F00ECC8EB /* Products */ = {
			isa = PBXGroup;
			children = (
				D1503E0F2433A33F00ECC8EB /* GetAndPost.app */,
			);
			name = Products;
			sourceTree = "<group>";
		};
		D1503E112433A33F00ECC8EB /* GetAndPost */ = {
			isa = PBXGroup;
			children = (
				D1503E122433A33F00ECC8EB /* AppDelegate.swift */,
				D1503E142433A33F00ECC8EB /* SceneDelegate.swift */,
				D1503E162433A33F00ECC8EB /* ViewController.swift */,
				D1503E182433A33F00ECC8EB /* Main.storyboard */,
				D1503E1B2433A34400ECC8EB /* Assets.xcassets */,
				D1503E1D2433A34400ECC8EB /* LaunchScreen.storyboard */,
				D1503E202433A34400ECC8EB /* Info.plist */,
			);
			path = GetAndPost;
			sourceTree = "<group>";
		};
/* End PBXGroup section */

/* Begin PBXNativeTarget section */
		D1503E0E2433A33F00ECC8EB /* GetAndPost */ = {
			isa = PBXNativeTarget;
			buildConfigurationList = D1503E232433A34400ECC8EB /* Build configuration list for PBXNativeTarget "GetAndPost" */;
			buildPhases = (
				D1503E0B2433A33F00ECC8EB /* Sources */,
				D1503E0C2433A33F00ECC8EB /* Frameworks */,
				D1503E0D2433A33F00ECC8EB /* Resources */,
			);
			buildRules = (
			);
			dependencies = (
			);
			name = GetAndPost;
			productName = GetAndPost;
			productReference = D1503E0F2433A33F00ECC8EB /* GetAndPost.app */;
			productType = "com.apple.product-type.application";
		};
/* End PBXNativeTarget section */

/* Begin PBXProject section */
		D1503E072433A33F00ECC8EB /* Project object */ = {
			isa = PBXProject;
			attributes = {
				LastSwiftUpdateCheck = 1140;
				LastUpgradeCheck = 1140;
				ORGANIZATIONNAME = "Петр Ларочкин";
				TargetAttributes = {
					D1503E0E2433A33F00ECC8EB = {
						CreatedOnToolsVersion = 11.4;
					};
				};
			};
			buildConfigurationList = D1503E0A2433A33F00ECC8EB /* Build configuration list for PBXProject "GetAndPost" */;
			compatibilityVersion = "Xcode 9.3";
			developmentRegion = en;
			hasScannedForEncodings = 0;
			knownRegions = (
				en,
				Base,
			);
			mainGroup = D1503E062433A33F00ECC8EB;
			productRefGroup = D1503E102433A33F00ECC8EB /* Products */;
			projectDirPath = "";
			projectRoot = "";
			targets = (
				D1503E0E2433A33F00ECC8EB /* GetAndPost */,
			);
		};
/* End PBXProject section */

/* Begin PBXResourcesBuildPhase section */
		D1503E0D2433A33F00ECC8EB /* Resources */ = {
			isa = PBXResourcesBuildPhase;
			buildActionMask = 2147483647;
			files = (
				D1503E1F2433A34400ECC8EB /* LaunchScreen.storyboard in Resources */,
				D1503E1C2433A34400ECC8EB /* Assets.xcassets in Resources */,
				D1503E1A2433A33F00ECC8EB /* Main.storyboard in Resources */,
			);
			runOnlyForDeploymentPostprocessing = 0;
		};
/* End PBXResourcesBuildPhase section */

/* Begin PBXSourcesBuildPhase section */
		D1503E0B2433A33F00ECC8EB /* Sources */ = {
			isa = PBXSourcesBuildPhase;
			buildActionMask = 2147483647;
			files = (
				D1503E172433A33F00ECC8EB /* ViewController.swift in Sources */,
				D1503E132433A33F00ECC8EB /* AppDelegate.swift in Sources */,
				D1503E152433A33F00ECC8EB /* SceneDelegate.swift in Sources */,
			);
			runOnlyForDeploymentPostprocessing = 0;
		};
/* End PBXSourcesBuildPhase section */

/* Begin PBXVariantGroup section */
		D1503E182433A33F00ECC8EB /* Main.storyboard */ = {
			isa = PBXVariantGroup;
			children = (
				D1503E192433A33F00ECC8EB /* Base */,
			);
			name = Main.storyboard;
			sourceTree = "<group>";
		};
		D1503E1D2433A34400ECC8EB /* LaunchScreen.storyboard */ = {
			isa = PBXVariantGroup;
			children = (
				D1503E1E2433A34400ECC8EB /* Base */,
			);
			name = LaunchScreen.storyboard;
			sourceTree = "<group>";
		};
/* End PBXVariantGroup section */

/* Begin XCBuildConfiguration section */
		D1503E212433A34400ECC8EB /* Debug */ = {
			isa = XCBuildConfiguration;
			buildSettings = {
				ALWAYS_SEARCH_USER_PATHS = NO;
				CLANG_ANALYZER_NONNULL = YES;
				CLANG_ANALYZER_NUMBER_OBJECT_CONVERSION = YES_AGGRESSIVE;
				CLANG_CXX_LANGUAGE_STANDARD = "gnu++14";
				CLANG_CXX_LIBRARY = "libc++";
				CLANG_ENABLE_MODULES = YES;
				CLANG_ENABLE_OBJC_ARC = YES;
				CLANG_ENABLE_OBJC_WEAK = YES;
				CLANG_WARN_BLOCK_CAPTURE_AUTORELEASING = YES;
				CLANG_WARN_BOOL_CONVERSION = YES;
				CLANG_WARN_COMMA = YES;
				CLANG_WARN_CONSTANT_CONVERSION = YES;
				CLANG_WARN_DEPRECATED_OBJC_IMPLEMENTATIONS = YES;
				CLANG_WARN_DIRECT_OBJC_ISA_USAGE = YES_ERROR;
				CLANG_WARN_DOCUMENTATION_COMMENTS = YES;
				CLANG_WARN_EMPTY_BODY = YES;
				CLANG_WARN_ENUM_CONVERSION = YES;
				CLANG_WARN_INFINITE_RECURSION = YES;
				CLANG_WARN_INT_CONVERSION = YES;
				CLANG_WARN_NON_LITERAL_NULL_CONVERSION = YES;
				CLANG_WARN_OBJC_IMPLICIT_RETAIN_SELF = YES;
				CLANG_WARN_OBJC_LITERAL_CONVERSION = YES;
				CLANG_WARN_OBJC_ROOT_CLASS = YES_ERROR;
				CLANG_WARN_RANGE_LOOP_ANALYSIS = YES;
				CLANG_WARN_STRICT_PROTOTYPES = YES;
				CLANG_WARN_SUSPICIOUS_MOVE = YES;
				CLANG_WARN_UNGUARDED_AVAILABILITY = YES_AGGRESSIVE;
				CLANG_WARN_UNREACHABLE_CODE = YES;
				CLANG_WARN__DUPLICATE_METHOD_MATCH = YES;
				COPY_PHASE_STRIP = NO;
				DEBUG_INFORMATION_FORMAT = dwarf;
				ENABLE_STRICT_OBJC_MSGSEND = YES;
				ENABLE_TESTABILITY = YES;
				GCC_C_LANGUAGE_STANDARD = gnu11;
				GCC_DYNAMIC_NO_PIC = NO;
				GCC_NO_COMMON_BLOCKS = YES;
				GCC_OPTIMIZATION_LEVEL = 0;
				GCC_PREPROCESSOR_DEFINITIONS = (
					"DEBUG=1",
					"$(inherited)",
				);
				GCC_WARN_64_TO_32_BIT_CONVERSION = YES;
				GCC_WARN_ABOUT_RETURN_TYPE = YES_ERROR;
				GCC_WARN_UNDECLARED_SELECTOR = YES;
				GCC_WARN_UNINITIALIZED_AUTOS = YES_AGGRESSIVE;
				GCC_WARN_UNUSED_FUNCTION = YES;
				GCC_WARN_UNUSED_VARIABLE = YES;
				IPHONEOS_DEPLOYMENT_TARGET = 13.4;
				MTL_ENABLE_DEBUG_INFO = INCLUDE_SOURCE;
				MTL_FAST_MATH = YES;
				ONLY_ACTIVE_ARCH = YES;
				SDKROOT = iphoneos;
				SWIFT_ACTIVE_COMPILATION_CONDITIONS = DEBUG;
				SWIFT_OPTIMIZATION_LEVEL = "-Onone";
			};
			name = Debug;
		};
		D1503E222433A34400ECC8EB /* Release */ = {
			isa = XCBuildConfiguration;
			buildSettings = {
				ALWAYS_SEARCH_USER_PATHS = NO;
				CLANG_ANALYZER_NONNULL = YES;
				CLANG_ANALYZER_NUMBER_OBJECT_CONVERSION = YES_AGGRESSIVE;
				CLANG_CXX_LANGUAGE_STANDARD = "gnu++14";
				CLANG_CXX_LIBRARY = "libc++";
				CLANG_ENABLE_MODULES = YES;
				CLANG_ENABLE_OBJC_ARC = YES;
				CLANG_ENABLE_OBJC_WEAK = YES;
				CLANG_WARN_BLOCK_CAPTURE_AUTORELEASING = YES;
				CLANG_WARN_BOOL_CONVERSION = YES;
				CLANG_WARN_COMMA = YES;
				CLANG_WARN_CONSTANT_CONVERSION = YES;
				CLANG_WARN_DEPRECATED_OBJC_IMPLEMENTATIONS = YES;
				CLANG_WARN_DIRECT_OBJC_ISA_USAGE = YES_ERROR;
				CLANG_WARN_DOCUMENTATION_COMMENTS = YES;
				CLANG_WARN_EMPTY_BODY = YES;
				CLANG_WARN_ENUM_CONVERSION = YES;
				CLANG_WARN_INFINITE_RECURSION = YES;
				CLANG_WARN_INT_CONVERSION = YES;
				CLANG_WARN_NON_LITERAL_NULL_CONVERSION = YES;
				CLANG_WARN_OBJC_IMPLICIT_RETAIN_SELF = YES;
				CLANG_WARN_OBJC_LITERAL_CONVERSION = YES;
				CLANG_WARN_OBJC_ROOT_CLASS = YES_ERROR;
				CLANG_WARN_RANGE_LOOP_ANALYSIS = YES;
				CLANG_WARN_STRICT_PROTOTYPES = YES;
				CLANG_WARN_SUSPICIOUS_MOVE = YES;
				CLANG_WARN_UNGUARDED_AVAILABILITY = YES_AGGRESSIVE;
				CLANG_WARN_UNREACHABLE_CODE = YES;
				CLANG_WARN__DUPLICATE_METHOD_MATCH = YES;
				COPY_PHASE_STRIP = NO;
				DEBUG_INFORMATION_FORMAT = "dwarf-with-dsym";
				ENABLE_NS_ASSERTIONS = NO;
				ENABLE_STRICT_OBJC_MSGSEND = YES;
				GCC_C_LANGUAGE_STANDARD = gnu11;
				GCC_NO_COMMON_BLOCKS = YES;
				GCC_WARN_64_TO_32_BIT_CONVERSION = YES;
				GCC_WARN_ABOUT_RETURN_TYPE = YES_ERROR;
				GCC_WARN_UNDECLARED_SELECTOR = YES;
				GCC_WARN_UNINITIALIZED_AUTOS = YES_AGGRESSIVE;
				GCC_WARN_UNUSED_FUNCTION = YES;
				GCC_WARN_UNUSED_VARIABLE = YES;
				IPHONEOS_DEPLOYMENT_TARGET = 13.4;
				MTL_ENABLE_DEBUG_INFO = NO;
				MTL_FAST_MATH = YES;
				SDKROOT = iphoneos;
				SWIFT_COMPILATION_MODE = wholemodule;
				SWIFT_OPTIMIZATION_LEVEL = "-O";
				VALIDATE_PRODUCT = YES;
			};
			name = Release;
		};
		D1503E242433A34400ECC8EB /* Debug */ = {
			isa = XCBuildConfiguration;
			buildSettings = {
				ASSETCATALOG_COMPILER_APPICON_NAME = AppIcon;
				CODE_SIGN_STYLE = Automatic;
				DEVELOPMENT_TEAM = 3XS7JF4X87;
				INFOPLIST_FILE = GetAndPost/Info.plist;
				LD_RUNPATH_SEARCH_PATHS = (
					"$(inherited)",
					"@executable_path/Frameworks",
				);
				PRODUCT_BUNDLE_IDENTIFIER = MyOwnProject.GetAndPost;
				PRODUCT_NAME = "$(TARGET_NAME)";
				SWIFT_VERSION = 5.0;
				TARGETED_DEVICE_FAMILY = "1,2";
			};
			name = Debug;
		};
		D1503E252433A34400ECC8EB /* Release */ = {
			isa = XCBuildConfiguration;
			buildSettings = {
				ASSETCATALOG_COMPILER_APPICON_NAME = AppIcon;
				CODE_SIGN_STYLE = Automatic;
				DEVELOPMENT_TEAM = 3XS7JF4X87;
				INFOPLIST_FILE = GetAndPost/Info.plist;
				LD_RUNPATH_SEARCH_PATHS = (
					"$(inherited)",
					"@executable_path/Frameworks",
				);
				PRODUCT_BUNDLE_IDENTIFIER = MyOwnProject.GetAndPost;
				PRODUCT_NAME = "$(TARGET_NAME)";
				SWIFT_VERSION = 5.0;
				TARGETED_DEVICE_FAMILY = "1,2";
			};
			name = Release;
		};
/* End XCBuildConfiguration section */

/* Begin XCConfigurationList section */
		D1503E0A2433A33F00ECC8EB /* Build configuration list for PBXProject "GetAndPost" */ = {
			isa = XCConfigurationList;
			buildConfigurations = (
				D1503E212433A34400ECC8EB /* Debug */,
				D1503E222433A34400ECC8EB /* Release */,
			);
			defaultConfigurationIsVisible = 0;
			defaultConfigurationName = Release;
		};
		D1503E232433A34400ECC8EB /* Build configuration list for PBXNativeTarget "GetAndPost" */ = {
			isa = XCConfigurationList;
			buildConfigurations = (
				D1503E242433A34400ECC8EB /* Debug */,
				D1503E252433A34400ECC8EB /* Release */,
			);
			defaultConfigurationIsVisible = 0;
			defaultConfigurationName = Release;
		};
/* End XCConfigurationList section */
	};
	rootObject = D1503E072433A33F00ECC8EB /* Project object */;
}
